// !$*UTF8*$!
{
	archiveVersion = 1;
	classes = {
	};
	objectVersion = 46;
	objects = {

/* Begin PBXBuildFile section */
		392948C51DFEFC1100D968E6 /* AppUtils.swift in Sources */ = {isa = PBXBuildFile; fileRef = 392948C41DFEFC1100D968E6 /* AppUtils.swift */; };
		392948C61DFEFC1100D968E6 /* AppUtils.swift in Sources */ = {isa = PBXBuildFile; fileRef = 392948C41DFEFC1100D968E6 /* AppUtils.swift */; };
		392948CB1DFF16D600D968E6 /* MainViewModel.swift in Sources */ = {isa = PBXBuildFile; fileRef = 392948CA1DFF16D600D968E6 /* MainViewModel.swift */; };
		392948CC1DFF16D600D968E6 /* MainViewModel.swift in Sources */ = {isa = PBXBuildFile; fileRef = 392948CA1DFF16D600D968E6 /* MainViewModel.swift */; };
		392948CE1DFF198B00D968E6 /* LocationUtils.swift in Sources */ = {isa = PBXBuildFile; fileRef = 392948CD1DFF198B00D968E6 /* LocationUtils.swift */; };
		392948CF1DFF198B00D968E6 /* LocationUtils.swift in Sources */ = {isa = PBXBuildFile; fileRef = 392948CD1DFF198B00D968E6 /* LocationUtils.swift */; };
		392948D21DFF313700D968E6 /* Injection.swift in Sources */ = {isa = PBXBuildFile; fileRef = 392948D11DFF313700D968E6 /* Injection.swift */; };
		392948D31DFF313700D968E6 /* Injection.swift in Sources */ = {isa = PBXBuildFile; fileRef = 392948D11DFF313700D968E6 /* Injection.swift */; };
		392948D61E00277500D968E6 /* ListPlacesViewController.swift in Sources */ = {isa = PBXBuildFile; fileRef = 392948D51E00277500D968E6 /* ListPlacesViewController.swift */; };
		392948D71E00277500D968E6 /* ListPlacesViewController.swift in Sources */ = {isa = PBXBuildFile; fileRef = 392948D51E00277500D968E6 /* ListPlacesViewController.swift */; };
		392948D91E00AF8500D968E6 /* ViewController.swift in Sources */ = {isa = PBXBuildFile; fileRef = 392948D81E00AF8500D968E6 /* ViewController.swift */; };
		392948DA1E00AF8500D968E6 /* ViewController.swift in Sources */ = {isa = PBXBuildFile; fileRef = 392948D81E00AF8500D968E6 /* ViewController.swift */; };
		392948DC1E00B2B300D968E6 /* AshtonBuilding.gpx in Resources */ = {isa = PBXBuildFile; fileRef = 392948DB1E00B2B300D968E6 /* AshtonBuilding.gpx */; };
		392948DD1E00B2B300D968E6 /* AshtonBuilding.gpx in Resources */ = {isa = PBXBuildFile; fileRef = 392948DB1E00B2B300D968E6 /* AshtonBuilding.gpx */; };
		392948DF1E00BDE200D968E6 /* ImageViewUtils.swift in Sources */ = {isa = PBXBuildFile; fileRef = 392948DE1E00BDE200D968E6 /* ImageViewUtils.swift */; };
		392948E01E00BDE200D968E6 /* ImageViewUtils.swift in Sources */ = {isa = PBXBuildFile; fileRef = 392948DE1E00BDE200D968E6 /* ImageViewUtils.swift */; };
		392948E21E00BE0A00D968E6 /* PlaceTableViewCell.swift in Sources */ = {isa = PBXBuildFile; fileRef = 392948E11E00BE0A00D968E6 /* PlaceTableViewCell.swift */; };
		392948E31E00BE0A00D968E6 /* PlaceTableViewCell.swift in Sources */ = {isa = PBXBuildFile; fileRef = 392948E11E00BE0A00D968E6 /* PlaceTableViewCell.swift */; };
		392948E61E016AE400D968E6 /* SplashViewController.swift in Sources */ = {isa = PBXBuildFile; fileRef = 392948E51E016AE400D968E6 /* SplashViewController.swift */; };
		392948E71E016AE400D968E6 /* SplashViewController.swift in Sources */ = {isa = PBXBuildFile; fileRef = 392948E51E016AE400D968E6 /* SplashViewController.swift */; };
		39BDE66E1DE7909300FB4C7D /* AppDelegate.swift in Sources */ = {isa = PBXBuildFile; fileRef = 39BDE66D1DE7909300FB4C7D /* AppDelegate.swift */; };
		39BDE6731DE7909300FB4C7D /* Main.storyboard in Resources */ = {isa = PBXBuildFile; fileRef = 39BDE6711DE7909300FB4C7D /* Main.storyboard */; };
		39BDE6751DE7909300FB4C7D /* Assets.xcassets in Resources */ = {isa = PBXBuildFile; fileRef = 39BDE6741DE7909300FB4C7D /* Assets.xcassets */; };
		39BDE6781DE7909300FB4C7D /* LaunchScreen.storyboard in Resources */ = {isa = PBXBuildFile; fileRef = 39BDE6761DE7909300FB4C7D /* LaunchScreen.storyboard */; };
		39BDE6831DE7909400FB4C7D /* LocationAppTests.swift in Sources */ = {isa = PBXBuildFile; fileRef = 39BDE6821DE7909400FB4C7D /* LocationAppTests.swift */; };
		39C30F141DEB89F700B518C8 /* Place.swift in Sources */ = {isa = PBXBuildFile; fileRef = 39C30F131DEB89F700B518C8 /* Place.swift */; };
		39C30F151DEB89F700B518C8 /* Place.swift in Sources */ = {isa = PBXBuildFile; fileRef = 39C30F131DEB89F700B518C8 /* Place.swift */; };
		39C30F1B1DEB8ACA00B518C8 /* PlaceRepo.swift in Sources */ = {isa = PBXBuildFile; fileRef = 39C30F1A1DEB8ACA00B518C8 /* PlaceRepo.swift */; };
		39C30F1C1DEB8ACA00B518C8 /* PlaceRepo.swift in Sources */ = {isa = PBXBuildFile; fileRef = 39C30F1A1DEB8ACA00B518C8 /* PlaceRepo.swift */; };
		39C30F1E1DEB8B0E00B518C8 /* PlaceTypes.swift in Sources */ = {isa = PBXBuildFile; fileRef = 39C30F1D1DEB8B0E00B518C8 /* PlaceTypes.swift */; };
		39C30F1F1DEB8B0E00B518C8 /* PlaceTypes.swift in Sources */ = {isa = PBXBuildFile; fileRef = 39C30F1D1DEB8B0E00B518C8 /* PlaceTypes.swift */; };
		39C30F211DEB8C6700B518C8 /* PlaceServiceRepo.swift in Sources */ = {isa = PBXBuildFile; fileRef = 39C30F201DEB8C6700B518C8 /* PlaceServiceRepo.swift */; };
		39C30F221DEB8C6700B518C8 /* PlaceServiceRepo.swift in Sources */ = {isa = PBXBuildFile; fileRef = 39C30F201DEB8C6700B518C8 /* PlaceServiceRepo.swift */; };
		39C30F241DEB8CCD00B518C8 /* PlaceFileSource.swift in Sources */ = {isa = PBXBuildFile; fileRef = 39C30F231DEB8CCD00B518C8 /* PlaceFileSource.swift */; };
		39C30F251DEB8CCD00B518C8 /* PlaceFileSource.swift in Sources */ = {isa = PBXBuildFile; fileRef = 39C30F231DEB8CCD00B518C8 /* PlaceFileSource.swift */; };
		39C30F291DF3420800B518C8 /* place_detail.json in Resources */ = {isa = PBXBuildFile; fileRef = 39C30F271DF3420800B518C8 /* place_detail.json */; };
		39C30F2A1DF3420800B518C8 /* place_detail.json in Resources */ = {isa = PBXBuildFile; fileRef = 39C30F271DF3420800B518C8 /* place_detail.json */; };
		39C30F2B1DF3420800B518C8 /* place_search.json in Resources */ = {isa = PBXBuildFile; fileRef = 39C30F281DF3420800B518C8 /* place_search.json */; };
		39C30F2C1DF3420800B518C8 /* place_search.json in Resources */ = {isa = PBXBuildFile; fileRef = 39C30F281DF3420800B518C8 /* place_search.json */; };
		39C30F2E1DF3460200B518C8 /* PlaceRepository.swift in Sources */ = {isa = PBXBuildFile; fileRef = 39C30F2D1DF3460200B518C8 /* PlaceRepository.swift */; };
		39C30F2F1DF3460200B518C8 /* PlaceRepository.swift in Sources */ = {isa = PBXBuildFile; fileRef = 39C30F2D1DF3460200B518C8 /* PlaceRepository.swift */; };
		B8CAEEA9736E2D829B8B6BB5 /* Pods_LocationApp.framework in Frameworks */ = {isa = PBXBuildFile; fileRef = 4255D62DEB3D6A7D919C4A9C /* Pods_LocationApp.framework */; };
		BC956619B0396DB0526420C9 /* Pods_LocationAppTests.framework in Frameworks */ = {isa = PBXBuildFile; fileRef = 67C7A7DDFB7B74D4A93A8635 /* Pods_LocationAppTests.framework */; };
/* End PBXBuildFile section */

/* Begin PBXContainerItemProxy section */
		39BDE67F1DE7909400FB4C7D /* PBXContainerItemProxy */ = {
			isa = PBXContainerItemProxy;
			containerPortal = 39BDE6621DE7909300FB4C7D /* Project object */;
			proxyType = 1;
			remoteGlobalIDString = 39BDE6691DE7909300FB4C7D;
			remoteInfo = LocationApp;
		};
/* End PBXContainerItemProxy section */

/* Begin PBXFileReference section */
		1FB2021935A652E73255A41C /* Pods-LocationApp.debug.xcconfig */ = {isa = PBXFileReference; includeInIndex = 1; lastKnownFileType = text.xcconfig; name = "Pods-LocationApp.debug.xcconfig"; path = "Pods/Target Support Files/Pods-LocationApp/Pods-LocationApp.debug.xcconfig"; sourceTree = "<group>"; };
		250865F116DBD77D7BA5B683 /* Pods-LocationAppTests.release.xcconfig */ = {isa = PBXFileReference; includeInIndex = 1; lastKnownFileType = text.xcconfig; name = "Pods-LocationAppTests.release.xcconfig"; path = "Pods/Target Support Files/Pods-LocationAppTests/Pods-LocationAppTests.release.xcconfig"; sourceTree = "<group>"; };
		2B98A184BC87A4637658C555 /* Pods-LocationAppTests.debug.xcconfig */ = {isa = PBXFileReference; includeInIndex = 1; lastKnownFileType = text.xcconfig; name = "Pods-LocationAppTests.debug.xcconfig"; path = "Pods/Target Support Files/Pods-LocationAppTests/Pods-LocationAppTests.debug.xcconfig"; sourceTree = "<group>"; };
		392948C41DFEFC1100D968E6 /* AppUtils.swift */ = {isa = PBXFileReference; fileEncoding = 4; lastKnownFileType = sourcecode.swift; name = AppUtils.swift; path = Utils/AppUtils.swift; sourceTree = "<group>"; };
		392948CA1DFF16D600D968E6 /* MainViewModel.swift */ = {isa = PBXFileReference; fileEncoding = 4; lastKnownFileType = sourcecode.swift; name = MainViewModel.swift; path = Modules/Main/MainViewModel.swift; sourceTree = "<group>"; };
		392948CD1DFF198B00D968E6 /* LocationUtils.swift */ = {isa = PBXFileReference; fileEncoding = 4; lastKnownFileType = sourcecode.swift; name = LocationUtils.swift; path = Utils/LocationUtils.swift; sourceTree = "<group>"; };
		392948D11DFF313700D968E6 /* Injection.swift */ = {isa = PBXFileReference; fileEncoding = 4; lastKnownFileType = sourcecode.swift; name = Injection.swift; path = Injection/Injection.swift; sourceTree = "<group>"; };
		392948D51E00277500D968E6 /* ListPlacesViewController.swift */ = {isa = PBXFileReference; fileEncoding = 4; lastKnownFileType = sourcecode.swift; name = ListPlacesViewController.swift; path = "Modules/Places list/ListPlacesViewController.swift"; sourceTree = "<group>"; };
		392948D81E00AF8500D968E6 /* ViewController.swift */ = {isa = PBXFileReference; fileEncoding = 4; lastKnownFileType = sourcecode.swift; name = ViewController.swift; path = Modules/Main/ViewController.swift; sourceTree = "<group>"; };
		392948DB1E00B2B300D968E6 /* AshtonBuilding.gpx */ = {isa = PBXFileReference; fileEncoding = 4; lastKnownFileType = text.xml; name = AshtonBuilding.gpx; path = Data/Assets/AshtonBuilding.gpx; sourceTree = "<group>"; };
		392948DE1E00BDE200D968E6 /* ImageViewUtils.swift */ = {isa = PBXFileReference; fileEncoding = 4; lastKnownFileType = sourcecode.swift; name = ImageViewUtils.swift; path = Utils/ImageViewUtils.swift; sourceTree = "<group>"; };
		392948E11E00BE0A00D968E6 /* PlaceTableViewCell.swift */ = {isa = PBXFileReference; fileEncoding = 4; lastKnownFileType = sourcecode.swift; name = PlaceTableViewCell.swift; path = "Modules/Places list/PlaceTableViewCell.swift"; sourceTree = "<group>"; };
		392948E51E016AE400D968E6 /* SplashViewController.swift */ = {isa = PBXFileReference; fileEncoding = 4; lastKnownFileType = sourcecode.swift; name = SplashViewController.swift; path = Modules/Splash/SplashViewController.swift; sourceTree = "<group>"; };
		39BDE66A1DE7909300FB4C7D /* LocationApp.app */ = {isa = PBXFileReference; explicitFileType = wrapper.application; includeInIndex = 0; path = LocationApp.app; sourceTree = BUILT_PRODUCTS_DIR; };
		39BDE66D1DE7909300FB4C7D /* AppDelegate.swift */ = {isa = PBXFileReference; lastKnownFileType = sourcecode.swift; path = AppDelegate.swift; sourceTree = "<group>"; };
		39BDE6721DE7909300FB4C7D /* Base */ = {isa = PBXFileReference; lastKnownFileType = file.storyboard; name = Base; path = Base.lproj/Main.storyboard; sourceTree = "<group>"; };
		39BDE6741DE7909300FB4C7D /* Assets.xcassets */ = {isa = PBXFileReference; lastKnownFileType = folder.assetcatalog; path = Assets.xcassets; sourceTree = "<group>"; };
		39BDE6771DE7909300FB4C7D /* Base */ = {isa = PBXFileReference; lastKnownFileType = file.storyboard; name = Base; path = Base.lproj/LaunchScreen.storyboard; sourceTree = "<group>"; };
		39BDE6791DE7909300FB4C7D /* Info.plist */ = {isa = PBXFileReference; lastKnownFileType = text.plist.xml; path = Info.plist; sourceTree = "<group>"; };
		39BDE67E1DE7909400FB4C7D /* LocationAppTests.xctest */ = {isa = PBXFileReference; explicitFileType = wrapper.cfbundle; includeInIndex = 0; path = LocationAppTests.xctest; sourceTree = BUILT_PRODUCTS_DIR; };
		39BDE6821DE7909400FB4C7D /* LocationAppTests.swift */ = {isa = PBXFileReference; lastKnownFileType = sourcecode.swift; path = LocationAppTests.swift; sourceTree = "<group>"; };
		39BDE6841DE7909400FB4C7D /* Info.plist */ = {isa = PBXFileReference; lastKnownFileType = text.plist.xml; path = Info.plist; sourceTree = "<group>"; };
		39C30F131DEB89F700B518C8 /* Place.swift */ = {isa = PBXFileReference; fileEncoding = 4; lastKnownFileType = sourcecode.swift; name = Place.swift; path = Data/Model/Place.swift; sourceTree = "<group>"; };
		39C30F1A1DEB8ACA00B518C8 /* PlaceRepo.swift */ = {isa = PBXFileReference; fileEncoding = 4; lastKnownFileType = sourcecode.swift; name = PlaceRepo.swift; path = Data/Source/PlaceRepo.swift; sourceTree = "<group>"; };
		39C30F1D1DEB8B0E00B518C8 /* PlaceTypes.swift */ = {isa = PBXFileReference; fileEncoding = 4; lastKnownFileType = sourcecode.swift; name = PlaceTypes.swift; path = Data/Model/PlaceTypes.swift; sourceTree = "<group>"; };
		39C30F201DEB8C6700B518C8 /* PlaceServiceRepo.swift */ = {isa = PBXFileReference; fileEncoding = 4; lastKnownFileType = sourcecode.swift; name = PlaceServiceRepo.swift; path = Data/Source/PlaceServiceRepo.swift; sourceTree = "<group>"; };
		39C30F231DEB8CCD00B518C8 /* PlaceFileSource.swift */ = {isa = PBXFileReference; fileEncoding = 4; lastKnownFileType = sourcecode.swift; name = PlaceFileSource.swift; path = Data/Source/PlaceFileSource.swift; sourceTree = "<group>"; };
		39C30F271DF3420800B518C8 /* place_detail.json */ = {isa = PBXFileReference; fileEncoding = 4; lastKnownFileType = text.json; name = place_detail.json; path = Data/Assets/place_detail.json; sourceTree = "<group>"; };
		39C30F281DF3420800B518C8 /* place_search.json */ = {isa = PBXFileReference; fileEncoding = 4; lastKnownFileType = text.json; name = place_search.json; path = Data/Assets/place_search.json; sourceTree = "<group>"; };
		39C30F2D1DF3460200B518C8 /* PlaceRepository.swift */ = {isa = PBXFileReference; fileEncoding = 4; lastKnownFileType = sourcecode.swift; name = PlaceRepository.swift; path = Data/Source/PlaceRepository.swift; sourceTree = "<group>"; };
		4255D62DEB3D6A7D919C4A9C /* Pods_LocationApp.framework */ = {isa = PBXFileReference; explicitFileType = wrapper.framework; includeInIndex = 0; path = Pods_LocationApp.framework; sourceTree = BUILT_PRODUCTS_DIR; };
		67C7A7DDFB7B74D4A93A8635 /* Pods_LocationAppTests.framework */ = {isa = PBXFileReference; explicitFileType = wrapper.framework; includeInIndex = 0; path = Pods_LocationAppTests.framework; sourceTree = BUILT_PRODUCTS_DIR; };
		CFBF54E8179094F22A8DCD6D /* Pods-LocationApp.release.xcconfig */ = {isa = PBXFileReference; includeInIndex = 1; lastKnownFileType = text.xcconfig; name = "Pods-LocationApp.release.xcconfig"; path = "Pods/Target Support Files/Pods-LocationApp/Pods-LocationApp.release.xcconfig"; sourceTree = "<group>"; };
/* End PBXFileReference section */

/* Begin PBXFrameworksBuildPhase section */
		39BDE6671DE7909300FB4C7D /* Frameworks */ = {
			isa = PBXFrameworksBuildPhase;
			buildActionMask = 2147483647;
			files = (
				B8CAEEA9736E2D829B8B6BB5 /* Pods_LocationApp.framework in Frameworks */,
			);
			runOnlyForDeploymentPostprocessing = 0;
		};
		39BDE67B1DE7909400FB4C7D /* Frameworks */ = {
			isa = PBXFrameworksBuildPhase;
			buildActionMask = 2147483647;
			files = (
				BC956619B0396DB0526420C9 /* Pods_LocationAppTests.framework in Frameworks */,
			);
			runOnlyForDeploymentPostprocessing = 0;
		};
/* End PBXFrameworksBuildPhase section */

/* Begin PBXGroup section */
		392948D01DFF312800D968E6 /* Injection */ = {
			isa = PBXGroup;
			children = (
				392948D11DFF313700D968E6 /* Injection.swift */,
			);
			name = Injection;
			sourceTree = "<group>";
		};
		392948D41E00275800D968E6 /* Places list */ = {
			isa = PBXGroup;
			children = (
				392948D51E00277500D968E6 /* ListPlacesViewController.swift */,
				392948E11E00BE0A00D968E6 /* PlaceTableViewCell.swift */,
			);
			name = "Places list";
			sourceTree = "<group>";
		};
		392948E41E016ACB00D968E6 /* Splash */ = {
			isa = PBXGroup;
			children = (
				392948E51E016AE400D968E6 /* SplashViewController.swift */,
			);
			name = Splash;
			sourceTree = "<group>";
		};
		39BDE6611DE7909300FB4C7D = {
			isa = PBXGroup;
			children = (
				39BDE66C1DE7909300FB4C7D /* LocationApp */,
				39BDE6811DE7909400FB4C7D /* LocationAppTests */,
				39BDE66B1DE7909300FB4C7D /* Products */,
				EED7D40D574C7CBB3C2EC9B6 /* Pods */,
				9714E752C2D957902363E848 /* Frameworks */,
			);
			sourceTree = "<group>";
		};
		39BDE66B1DE7909300FB4C7D /* Products */ = {
			isa = PBXGroup;
			children = (
				39BDE66A1DE7909300FB4C7D /* LocationApp.app */,
				39BDE67E1DE7909400FB4C7D /* LocationAppTests.xctest */,
			);
			name = Products;
			sourceTree = "<group>";
		};
		39BDE66C1DE7909300FB4C7D /* LocationApp */ = {
			isa = PBXGroup;
			children = (
				392948D01DFF312800D968E6 /* Injection */,
				39C30F101DEB896800B518C8 /* Utils */,
				39C30F181DEB8A3D00B518C8 /* Modules */,
				39C30F0D1DEB890900B518C8 /* Data */,
				39BDE66D1DE7909300FB4C7D /* AppDelegate.swift */,
				39BDE6711DE7909300FB4C7D /* Main.storyboard */,
				39BDE6741DE7909300FB4C7D /* Assets.xcassets */,
				39BDE6761DE7909300FB4C7D /* LaunchScreen.storyboard */,
				39BDE6791DE7909300FB4C7D /* Info.plist */,
			);
			path = LocationApp;
			sourceTree = "<group>";
		};
		39BDE6811DE7909400FB4C7D /* LocationAppTests */ = {
			isa = PBXGroup;
			children = (
				39BDE6821DE7909400FB4C7D /* LocationAppTests.swift */,
				39BDE6841DE7909400FB4C7D /* Info.plist */,
			);
			path = LocationAppTests;
			sourceTree = "<group>";
		};
		39C30F0D1DEB890900B518C8 /* Data */ = {
			isa = PBXGroup;
			children = (
				39C30F261DEB8CEF00B518C8 /* Assets */,
				39C30F171DEB8A1400B518C8 /* Model */,
				39C30F161DEB8A0D00B518C8 /* Source */,
			);
			name = Data;
			sourceTree = "<group>";
		};
		39C30F0E1DEB891400B518C8 /* Main */ = {
			isa = PBXGroup;
			children = (
				392948D81E00AF8500D968E6 /* ViewController.swift */,
				392948CA1DFF16D600D968E6 /* MainViewModel.swift */,
			);
			name = Main;
			sourceTree = "<group>";
		};
		39C30F0F1DEB895700B518C8 /* Detail */ = {
			isa = PBXGroup;
			children = (
			);
			name = Detail;
			sourceTree = "<group>";
		};
		39C30F101DEB896800B518C8 /* Utils */ = {
			isa = PBXGroup;
			children = (
				392948C41DFEFC1100D968E6 /* AppUtils.swift */,
				392948CD1DFF198B00D968E6 /* LocationUtils.swift */,
				392948DE1E00BDE200D968E6 /* ImageViewUtils.swift */,
			);
			name = Utils;
			sourceTree = "<group>";
		};
		39C30F161DEB8A0D00B518C8 /* Source */ = {
			isa = PBXGroup;
			children = (
				39C30F1A1DEB8ACA00B518C8 /* PlaceRepo.swift */,
				39C30F2D1DF3460200B518C8 /* PlaceRepository.swift */,
				39C30F201DEB8C6700B518C8 /* PlaceServiceRepo.swift */,
				39C30F231DEB8CCD00B518C8 /* PlaceFileSource.swift */,
			);
			name = Source;
			sourceTree = "<group>";
		};
		39C30F171DEB8A1400B518C8 /* Model */ = {
			isa = PBXGroup;
			children = (
				39C30F131DEB89F700B518C8 /* Place.swift */,
				39C30F1D1DEB8B0E00B518C8 /* PlaceTypes.swift */,
			);
			name = Model;
			sourceTree = "<group>";
		};
		39C30F181DEB8A3D00B518C8 /* Modules */ = {
			isa = PBXGroup;
			children = (
				392948E41E016ACB00D968E6 /* Splash */,
				392948D41E00275800D968E6 /* Places list */,
				39C30F0F1DEB895700B518C8 /* Detail */,
				39C30F0E1DEB891400B518C8 /* Main */,
			);
			name = Modules;
			sourceTree = "<group>";
		};
		39C30F261DEB8CEF00B518C8 /* Assets */ = {
			isa = PBXGroup;
			children = (
				392948DB1E00B2B300D968E6 /* AshtonBuilding.gpx */,
				39C30F271DF3420800B518C8 /* place_detail.json */,
				39C30F281DF3420800B518C8 /* place_search.json */,
			);
			name = Assets;
			sourceTree = "<group>";
		};
		9714E752C2D957902363E848 /* Frameworks */ = {
			isa = PBXGroup;
			children = (
				4255D62DEB3D6A7D919C4A9C /* Pods_LocationApp.framework */,
				67C7A7DDFB7B74D4A93A8635 /* Pods_LocationAppTests.framework */,
			);
			name = Frameworks;
			sourceTree = "<group>";
		};
		EED7D40D574C7CBB3C2EC9B6 /* Pods */ = {
			isa = PBXGroup;
			children = (
				1FB2021935A652E73255A41C /* Pods-LocationApp.debug.xcconfig */,
				CFBF54E8179094F22A8DCD6D /* Pods-LocationApp.release.xcconfig */,
				2B98A184BC87A4637658C555 /* Pods-LocationAppTests.debug.xcconfig */,
				250865F116DBD77D7BA5B683 /* Pods-LocationAppTests.release.xcconfig */,
			);
			name = Pods;
			sourceTree = "<group>";
		};
/* End PBXGroup section */

/* Begin PBXNativeTarget section */
		39BDE6691DE7909300FB4C7D /* LocationApp */ = {
			isa = PBXNativeTarget;
			buildConfigurationList = 39BDE6871DE7909400FB4C7D /* Build configuration list for PBXNativeTarget "LocationApp" */;
			buildPhases = (
				49F5DEF4B8D1F2770644A3FF /* [CP] Check Pods Manifest.lock */,
				39BDE6661DE7909300FB4C7D /* Sources */,
				39BDE6671DE7909300FB4C7D /* Frameworks */,
				39BDE6681DE7909300FB4C7D /* Resources */,
				D3B3861519FA29A789EACADC /* [CP] Embed Pods Frameworks */,
				4456C64473797162831ECF72 /* [CP] Copy Pods Resources */,
			);
			buildRules = (
			);
			dependencies = (
			);
			name = LocationApp;
			productName = LocationApp;
			productReference = 39BDE66A1DE7909300FB4C7D /* LocationApp.app */;
			productType = "com.apple.product-type.application";
		};
		39BDE67D1DE7909400FB4C7D /* LocationAppTests */ = {
			isa = PBXNativeTarget;
			buildConfigurationList = 39BDE68A1DE7909400FB4C7D /* Build configuration list for PBXNativeTarget "LocationAppTests" */;
			buildPhases = (
				EF5F7869C6CC1358754207D0 /* [CP] Check Pods Manifest.lock */,
				39BDE67A1DE7909400FB4C7D /* Sources */,
				39BDE67B1DE7909400FB4C7D /* Frameworks */,
				39BDE67C1DE7909400FB4C7D /* Resources */,
				EFE92F7194FC8A11555D08F3 /* [CP] Embed Pods Frameworks */,
				232D9103972FB8906819D0B4 /* [CP] Copy Pods Resources */,
			);
			buildRules = (
			);
			dependencies = (
				39BDE6801DE7909400FB4C7D /* PBXTargetDependency */,
			);
			name = LocationAppTests;
			productName = LocationAppTests;
			productReference = 39BDE67E1DE7909400FB4C7D /* LocationAppTests.xctest */;
			productType = "com.apple.product-type.bundle.unit-test";
		};
/* End PBXNativeTarget section */

/* Begin PBXProject section */
		39BDE6621DE7909300FB4C7D /* Project object */ = {
			isa = PBXProject;
			attributes = {
				LastSwiftUpdateCheck = 0810;
				LastUpgradeCheck = 0810;
				ORGANIZATIONNAME = "Bruno Aybar";
				TargetAttributes = {
					39BDE6691DE7909300FB4C7D = {
						CreatedOnToolsVersion = 8.1;
						ProvisioningStyle = Automatic;
					};
					39BDE67D1DE7909400FB4C7D = {
						CreatedOnToolsVersion = 8.1;
						ProvisioningStyle = Automatic;
						TestTargetID = 39BDE6691DE7909300FB4C7D;
					};
				};
			};
			buildConfigurationList = 39BDE6651DE7909300FB4C7D /* Build configuration list for PBXProject "LocationApp" */;
			compatibilityVersion = "Xcode 3.2";
			developmentRegion = English;
			hasScannedForEncodings = 0;
			knownRegions = (
				en,
				Base,
			);
			mainGroup = 39BDE6611DE7909300FB4C7D;
			productRefGroup = 39BDE66B1DE7909300FB4C7D /* Products */;
			projectDirPath = "";
			projectRoot = "";
			targets = (
				39BDE6691DE7909300FB4C7D /* LocationApp */,
				39BDE67D1DE7909400FB4C7D /* LocationAppTests */,
			);
		};
/* End PBXProject section */

/* Begin PBXResourcesBuildPhase section */
		39BDE6681DE7909300FB4C7D /* Resources */ = {
			isa = PBXResourcesBuildPhase;
			buildActionMask = 2147483647;
			files = (
				392948DC1E00B2B300D968E6 /* AshtonBuilding.gpx in Resources */,
				39C30F291DF3420800B518C8 /* place_detail.json in Resources */,
				39C30F2B1DF3420800B518C8 /* place_search.json in Resources */,
				39BDE6781DE7909300FB4C7D /* LaunchScreen.storyboard in Resources */,
				39BDE6751DE7909300FB4C7D /* Assets.xcassets in Resources */,
				39BDE6731DE7909300FB4C7D /* Main.storyboard in Resources */,
			);
			runOnlyForDeploymentPostprocessing = 0;
		};
		39BDE67C1DE7909400FB4C7D /* Resources */ = {
			isa = PBXResourcesBuildPhase;
			buildActionMask = 2147483647;
			files = (
				392948DD1E00B2B300D968E6 /* AshtonBuilding.gpx in Resources */,
				39C30F2A1DF3420800B518C8 /* place_detail.json in Resources */,
				39C30F2C1DF3420800B518C8 /* place_search.json in Resources */,
			);
			runOnlyForDeploymentPostprocessing = 0;
		};
/* End PBXResourcesBuildPhase section */

/* Begin PBXShellScriptBuildPhase section */
		232D9103972FB8906819D0B4 /* [CP] Copy Pods Resources */ = {
			isa = PBXShellScriptBuildPhase;
			buildActionMask = 2147483647;
			files = (
			);
			inputPaths = (
			);
			name = "[CP] Copy Pods Resources";
			outputPaths = (
			);
			runOnlyForDeploymentPostprocessing = 0;
			shellPath = /bin/sh;
			shellScript = "\"${SRCROOT}/Pods/Target Support Files/Pods-LocationAppTests/Pods-LocationAppTests-resources.sh\"\n";
			showEnvVarsInLog = 0;
		};
		4456C64473797162831ECF72 /* [CP] Copy Pods Resources */ = {
			isa = PBXShellScriptBuildPhase;
			buildActionMask = 2147483647;
			files = (
			);
			inputPaths = (
			);
			name = "[CP] Copy Pods Resources";
			outputPaths = (
			);
			runOnlyForDeploymentPostprocessing = 0;
			shellPath = /bin/sh;
			shellScript = "\"${SRCROOT}/Pods/Target Support Files/Pods-LocationApp/Pods-LocationApp-resources.sh\"\n";
			showEnvVarsInLog = 0;
		};
		49F5DEF4B8D1F2770644A3FF /* [CP] Check Pods Manifest.lock */ = {
			isa = PBXShellScriptBuildPhase;
			buildActionMask = 2147483647;
			files = (
			);
			inputPaths = (
			);
			name = "[CP] Check Pods Manifest.lock";
			outputPaths = (
			);
			runOnlyForDeploymentPostprocessing = 0;
			shellPath = /bin/sh;
			shellScript = "diff \"${PODS_ROOT}/../Podfile.lock\" \"${PODS_ROOT}/Manifest.lock\" > /dev/null\nif [ $? != 0 ] ; then\n    # print error to STDERR\n    echo \"error: The sandbox is not in sync with the Podfile.lock. Run 'pod install' or update your CocoaPods installation.\" >&2\n    exit 1\nfi\n";
			showEnvVarsInLog = 0;
		};
		D3B3861519FA29A789EACADC /* [CP] Embed Pods Frameworks */ = {
			isa = PBXShellScriptBuildPhase;
			buildActionMask = 2147483647;
			files = (
			);
			inputPaths = (
			);
			name = "[CP] Embed Pods Frameworks";
			outputPaths = (
			);
			runOnlyForDeploymentPostprocessing = 0;
			shellPath = /bin/sh;
			shellScript = "\"${SRCROOT}/Pods/Target Support Files/Pods-LocationApp/Pods-LocationApp-frameworks.sh\"\n";
			showEnvVarsInLog = 0;
		};
		EF5F7869C6CC1358754207D0 /* [CP] Check Pods Manifest.lock */ = {
			isa = PBXShellScriptBuildPhase;
			buildActionMask = 2147483647;
			files = (
			);
			inputPaths = (
			);
			name = "[CP] Check Pods Manifest.lock";
			outputPaths = (
			);
			runOnlyForDeploymentPostprocessing = 0;
			shellPath = /bin/sh;
			shellScript = "diff \"${PODS_ROOT}/../Podfile.lock\" \"${PODS_ROOT}/Manifest.lock\" > /dev/null\nif [ $? != 0 ] ; then\n    # print error to STDERR\n    echo \"error: The sandbox is not in sync with the Podfile.lock. Run 'pod install' or update your CocoaPods installation.\" >&2\n    exit 1\nfi\n";
			showEnvVarsInLog = 0;
		};
		EFE92F7194FC8A11555D08F3 /* [CP] Embed Pods Frameworks */ = {
			isa = PBXShellScriptBuildPhase;
			buildActionMask = 2147483647;
			files = (
			);
			inputPaths = (
			);
			name = "[CP] Embed Pods Frameworks";
			outputPaths = (
			);
			runOnlyForDeploymentPostprocessing = 0;
			shellPath = /bin/sh;
			shellScript = "\"${SRCROOT}/Pods/Target Support Files/Pods-LocationAppTests/Pods-LocationAppTests-frameworks.sh\"\n";
			showEnvVarsInLog = 0;
		};
/* End PBXShellScriptBuildPhase section */

/* Begin PBXSourcesBuildPhase section */
		39BDE6661DE7909300FB4C7D /* Sources */ = {
			isa = PBXSourcesBuildPhase;
			buildActionMask = 2147483647;
			files = (
				392948C51DFEFC1100D968E6 /* AppUtils.swift in Sources */,
				39C30F1E1DEB8B0E00B518C8 /* PlaceTypes.swift in Sources */,
				392948DF1E00BDE200D968E6 /* ImageViewUtils.swift in Sources */,
				39C30F141DEB89F700B518C8 /* Place.swift in Sources */,
				392948D61E00277500D968E6 /* ListPlacesViewController.swift in Sources */,
				39C30F1B1DEB8ACA00B518C8 /* PlaceRepo.swift in Sources */,
				392948CB1DFF16D600D968E6 /* MainViewModel.swift in Sources */,
				39C30F211DEB8C6700B518C8 /* PlaceServiceRepo.swift in Sources */,
				39C30F241DEB8CCD00B518C8 /* PlaceFileSource.swift in Sources */,
				392948D91E00AF8500D968E6 /* ViewController.swift in Sources */,
				392948CE1DFF198B00D968E6 /* LocationUtils.swift in Sources */,
				392948D21DFF313700D968E6 /* Injection.swift in Sources */,
				39C30F2E1DF3460200B518C8 /* PlaceRepository.swift in Sources */,
				39BDE66E1DE7909300FB4C7D /* AppDelegate.swift in Sources */,
				392948E21E00BE0A00D968E6 /* PlaceTableViewCell.swift in Sources */,
				392948E61E016AE400D968E6 /* SplashViewController.swift in Sources */,
			);
			runOnlyForDeploymentPostprocessing = 0;
		};
		39BDE67A1DE7909400FB4C7D /* Sources */ = {
			isa = PBXSourcesBuildPhase;
			buildActionMask = 2147483647;
			files = (
				39BDE6831DE7909400FB4C7D /* LocationAppTests.swift in Sources */,
				39C30F221DEB8C6700B518C8 /* PlaceServiceRepo.swift in Sources */,
				392948E01E00BDE200D968E6 /* ImageViewUtils.swift in Sources */,
				39C30F2F1DF3460200B518C8 /* PlaceRepository.swift in Sources */,
				392948D71E00277500D968E6 /* ListPlacesViewController.swift in Sources */,
				392948C61DFEFC1100D968E6 /* AppUtils.swift in Sources */,
				392948CC1DFF16D600D968E6 /* MainViewModel.swift in Sources */,
				39C30F1F1DEB8B0E00B518C8 /* PlaceTypes.swift in Sources */,
				39C30F151DEB89F700B518C8 /* Place.swift in Sources */,
				392948DA1E00AF8500D968E6 /* ViewController.swift in Sources */,
				392948CF1DFF198B00D968E6 /* LocationUtils.swift in Sources */,
				392948D31DFF313700D968E6 /* Injection.swift in Sources */,
				39C30F251DEB8CCD00B518C8 /* PlaceFileSource.swift in Sources */,
				39C30F1C1DEB8ACA00B518C8 /* PlaceRepo.swift in Sources */,
				392948E31E00BE0A00D968E6 /* PlaceTableViewCell.swift in Sources */,
				392948E71E016AE400D968E6 /* SplashViewController.swift in Sources */,
			);
			runOnlyForDeploymentPostprocessing = 0;
		};
/* End PBXSourcesBuildPhase section */

/* Begin PBXTargetDependency section */
		39BDE6801DE7909400FB4C7D /* PBXTargetDependency */ = {
			isa = PBXTargetDependency;
			target = 39BDE6691DE7909300FB4C7D /* LocationApp */;
			targetProxy = 39BDE67F1DE7909400FB4C7D /* PBXContainerItemProxy */;
		};
/* End PBXTargetDependency section */

/* Begin PBXVariantGroup section */
		39BDE6711DE7909300FB4C7D /* Main.storyboard */ = {
			isa = PBXVariantGroup;
			children = (
				39BDE6721DE7909300FB4C7D /* Base */,
			);
			name = Main.storyboard;
			sourceTree = "<group>";
		};
		39BDE6761DE7909300FB4C7D /* LaunchScreen.storyboard */ = {
			isa = PBXVariantGroup;
			children = (
				39BDE6771DE7909300FB4C7D /* Base */,
			);
			name = LaunchScreen.storyboard;
			sourceTree = "<group>";
		};
/* End PBXVariantGroup section */

/* Begin XCBuildConfiguration section */
		39BDE6851DE7909400FB4C7D /* Debug */ = {
			isa = XCBuildConfiguration;
			buildSettings = {
				ALWAYS_SEARCH_USER_PATHS = NO;
				CLANG_ANALYZER_NONNULL = YES;
				CLANG_CXX_LANGUAGE_STANDARD = "gnu++0x";
				CLANG_CXX_LIBRARY = "libc++";
				CLANG_ENABLE_MODULES = YES;
				CLANG_ENABLE_OBJC_ARC = YES;
				CLANG_WARN_BOOL_CONVERSION = YES;
				CLANG_WARN_CONSTANT_CONVERSION = YES;
				CLANG_WARN_DIRECT_OBJC_ISA_USAGE = YES_ERROR;
				CLANG_WARN_DOCUMENTATION_COMMENTS = YES;
				CLANG_WARN_EMPTY_BODY = YES;
				CLANG_WARN_ENUM_CONVERSION = YES;
				CLANG_WARN_INFINITE_RECURSION = YES;
				CLANG_WARN_INT_CONVERSION = YES;
				CLANG_WARN_OBJC_ROOT_CLASS = YES_ERROR;
				CLANG_WARN_SUSPICIOUS_MOVES = YES;
				CLANG_WARN_UNREACHABLE_CODE = YES;
				CLANG_WARN__DUPLICATE_METHOD_MATCH = YES;
				"CODE_SIGN_IDENTITY[sdk=iphoneos*]" = "iPhone Developer";
				COPY_PHASE_STRIP = NO;
				DEBUG_INFORMATION_FORMAT = dwarf;
				ENABLE_STRICT_OBJC_MSGSEND = YES;
				ENABLE_TESTABILITY = YES;
				GCC_C_LANGUAGE_STANDARD = gnu99;
				GCC_DYNAMIC_NO_PIC = NO;
				GCC_NO_COMMON_BLOCKS = YES;
				GCC_OPTIMIZATION_LEVEL = 0;
				GCC_PREPROCESSOR_DEFINITIONS = (
					"DEBUG=1",
					"$(inherited)",
				);
				GCC_WARN_64_TO_32_BIT_CONVERSION = YES;
				GCC_WARN_ABOUT_RETURN_TYPE = YES_ERROR;
				GCC_WARN_UNDECLARED_SELECTOR = YES;
				GCC_WARN_UNINITIALIZED_AUTOS = YES_AGGRESSIVE;
				GCC_WARN_UNUSED_FUNCTION = YES;
				GCC_WARN_UNUSED_VARIABLE = YES;
				IPHONEOS_DEPLOYMENT_TARGET = 10.1;
				MTL_ENABLE_DEBUG_INFO = YES;
				ONLY_ACTIVE_ARCH = YES;
				SDKROOT = iphoneos;
				SWIFT_ACTIVE_COMPILATION_CONDITIONS = DEBUG;
				SWIFT_OPTIMIZATION_LEVEL = "-Onone";
				TARGETED_DEVICE_FAMILY = "1,2";
			};
			name = Debug;
		};
		39BDE6861DE7909400FB4C7D /* Release */ = {
			isa = XCBuildConfiguration;
			buildSettings = {
				ALWAYS_SEARCH_USER_PATHS = NO;
				CLANG_ANALYZER_NONNULL = YES;
				CLANG_CXX_LANGUAGE_STANDARD = "gnu++0x";
				CLANG_CXX_LIBRARY = "libc++";
				CLANG_ENABLE_MODULES = YES;
				CLANG_ENABLE_OBJC_ARC = YES;
				CLANG_WARN_BOOL_CONVERSION = YES;
				CLANG_WARN_CONSTANT_CONVERSION = YES;
				CLANG_WARN_DIRECT_OBJC_ISA_USAGE = YES_ERROR;
				CLANG_WARN_DOCUMENTATION_COMMENTS = YES;
				CLANG_WARN_EMPTY_BODY = YES;
				CLANG_WARN_ENUM_CONVERSION = YES;
				CLANG_WARN_INFINITE_RECURSION = YES;
				CLANG_WARN_INT_CONVERSION = YES;
				CLANG_WARN_OBJC_ROOT_CLASS = YES_ERROR;
				CLANG_WARN_SUSPICIOUS_MOVES = YES;
				CLANG_WARN_UNREACHABLE_CODE = YES;
				CLANG_WARN__DUPLICATE_METHOD_MATCH = YES;
				"CODE_SIGN_IDENTITY[sdk=iphoneos*]" = "iPhone Developer";
				COPY_PHASE_STRIP = NO;
				DEBUG_INFORMATION_FORMAT = "dwarf-with-dsym";
				ENABLE_NS_ASSERTIONS = NO;
				ENABLE_STRICT_OBJC_MSGSEND = YES;
				GCC_C_LANGUAGE_STANDARD = gnu99;
				GCC_NO_COMMON_BLOCKS = YES;
				GCC_WARN_64_TO_32_BIT_CONVERSION = YES;
				GCC_WARN_ABOUT_RETURN_TYPE = YES_ERROR;
				GCC_WARN_UNDECLARED_SELECTOR = YES;
				GCC_WARN_UNINITIALIZED_AUTOS = YES_AGGRESSIVE;
				GCC_WARN_UNUSED_FUNCTION = YES;
				GCC_WARN_UNUSED_VARIABLE = YES;
				IPHONEOS_DEPLOYMENT_TARGET = 10.1;
				MTL_ENABLE_DEBUG_INFO = NO;
				SDKROOT = iphoneos;
				SWIFT_OPTIMIZATION_LEVEL = "-Owholemodule";
				TARGETED_DEVICE_FAMILY = "1,2";
				VALIDATE_PRODUCT = YES;
			};
			name = Release;
		};
		39BDE6881DE7909400FB4C7D /* Debug */ = {
			isa = XCBuildConfiguration;
			baseConfigurationReference = 1FB2021935A652E73255A41C /* Pods-LocationApp.debug.xcconfig */;
			buildSettings = {
				ASSETCATALOG_COMPILER_APPICON_NAME = AppIcon;
				INFOPLIST_FILE = LocationApp/Info.plist;
				LD_RUNPATH_SEARCH_PATHS = "$(inherited) @executable_path/Frameworks";
				PRODUCT_BUNDLE_IDENTIFIER = com.brunoaybar.LocationApp;
				PRODUCT_NAME = "$(TARGET_NAME)";
				SWIFT_VERSION = 3.0;
			};
			name = Debug;
		};
		39BDE6891DE7909400FB4C7D /* Release */ = {
			isa = XCBuildConfiguration;
			baseConfigurationReference = CFBF54E8179094F22A8DCD6D /* Pods-LocationApp.release.xcconfig */;
			buildSettings = {
				ASSETCATALOG_COMPILER_APPICON_NAME = AppIcon;
				INFOPLIST_FILE = LocationApp/Info.plist;
				LD_RUNPATH_SEARCH_PATHS = "$(inherited) @executable_path/Frameworks";
				PRODUCT_BUNDLE_IDENTIFIER = com.brunoaybar.LocationApp;
				PRODUCT_NAME = "$(TARGET_NAME)";
				SWIFT_VERSION = 3.0;
			};
			name = Release;
		};
		39BDE68B1DE7909400FB4C7D /* Debug */ = {
			isa = XCBuildConfiguration;
			baseConfigurationReference = 2B98A184BC87A4637658C555 /* Pods-LocationAppTests.debug.xcconfig */;
			buildSettings = {
				ALWAYS_EMBED_SWIFT_STANDARD_LIBRARIES = YES;
				BUNDLE_LOADER = "$(TEST_HOST)";
				INFOPLIST_FILE = LocationAppTests/Info.plist;
				LD_RUNPATH_SEARCH_PATHS = "$(inherited) @executable_path/Frameworks @loader_path/Frameworks";
				PRODUCT_BUNDLE_IDENTIFIER = com.brunoaybar.LocationAppTests;
				PRODUCT_NAME = "$(TARGET_NAME)";
				SWIFT_VERSION = 3.0;
				TEST_HOST = "$(BUILT_PRODUCTS_DIR)/LocationApp.app/LocationApp";
			};
			name = Debug;
		};
		39BDE68C1DE7909400FB4C7D /* Release */ = {
			isa = XCBuildConfiguration;
			baseConfigurationReference = 250865F116DBD77D7BA5B683 /* Pods-LocationAppTests.release.xcconfig */;
			buildSettings = {
				ALWAYS_EMBED_SWIFT_STANDARD_LIBRARIES = YES;
				BUNDLE_LOADER = "$(TEST_HOST)";
				INFOPLIST_FILE = LocationAppTests/Info.plist;
				LD_RUNPATH_SEARCH_PATHS = "$(inherited) @executable_path/Frameworks @loader_path/Frameworks";
				PRODUCT_BUNDLE_IDENTIFIER = com.brunoaybar.LocationAppTests;
				PRODUCT_NAME = "$(TARGET_NAME)";
				SWIFT_VERSION = 3.0;
				TEST_HOST = "$(BUILT_PRODUCTS_DIR)/LocationApp.app/LocationApp";
			};
			name = Release;
		};
/* End XCBuildConfiguration section */

/* Begin XCConfigurationList section */
		39BDE6651DE7909300FB4C7D /* Build configuration list for PBXProject "LocationApp" */ = {
			isa = XCConfigurationList;
			buildConfigurations = (
				39BDE6851DE7909400FB4C7D /* Debug */,
				39BDE6861DE7909400FB4C7D /* Release */,
			);
			defaultConfigurationIsVisible = 0;
			defaultConfigurationName = Release;
		};
		39BDE6871DE7909400FB4C7D /* Build configuration list for PBXNativeTarget "LocationApp" */ = {
			isa = XCConfigurationList;
			buildConfigurations = (
				39BDE6881DE7909400FB4C7D /* Debug */,
				39BDE6891DE7909400FB4C7D /* Release */,
			);
			defaultConfigurationIsVisible = 0;
			defaultConfigurationName = Release;
		};
		39BDE68A1DE7909400FB4C7D /* Build configuration list for PBXNativeTarget "LocationAppTests" */ = {
			isa = XCConfigurationList;
			buildConfigurations = (
				39BDE68B1DE7909400FB4C7D /* Debug */,
				39BDE68C1DE7909400FB4C7D /* Release */,
			);
			defaultConfigurationIsVisible = 0;
			defaultConfigurationName = Release;
		};
/* End XCConfigurationList section */
	};
	rootObject = 39BDE6621DE7909300FB4C7D /* Project object */;
}
